# This file is automatically @generated by Cargo.
# It is not intended for manual editing.
version = 3

[[package]]
name = "ipnet"
version = "2.9.0"
source = "registry+https://github.com/rust-lang/crates.io-index"
checksum = "8f518f335dce6725a761382244631d86cf0ccb2863413590b31338feb467f9c3"

[[package]]
name = "ipnet-afl-cov-poc"
version = "0.0.1"
dependencies = [
 "ipnet",
]
